
Microsoft Visual Studio Solution File, Format Version 12.00
# Visual Studio Version 16
VisualStudioVersion = 16.0.30804.86
MinimumVisualStudioVersion = 10.0.40219.1
Project("{FAE04EC0-301F-11D3-BF4B-00C04F79EFBC}") = "concourCanin", "concourCanin\concourCanin.csproj", "{B2873954-F085-48C3-822B-2C00410FDFAC}"
EndProject
Global
	GlobalSection(SolutionConfigurationPlatforms) = preSolution
		Debug|Any CPU = Debug|Any CPU
		Release|Any CPU = Release|Any CPU
	EndGlobalSection
	GlobalSection(ProjectConfigurationPlatforms) = postSolution
		{B2873954-F085-48C3-822B-2C00410FDFAC}.Debug|Any CPU.ActiveCfg = Debug|Any CPU
		{B2873954-F085-48C3-822B-2C00410FDFAC}.Debug|Any CPU.Build.0 = Debug|Any CPU
		{B2873954-F085-48C3-822B-2C00410FDFAC}.Release|Any CPU.ActiveCfg = Release|Any CPU
		{B2873954-F085-48C3-822B-2C00410FDFAC}.Release|Any CPU.Build.0 = Release|Any CPU
	EndGlobalSection
	GlobalSection(SolutionProperties) = preSolution
		HideSolutionNode = FALSE
	EndGlobalSection
	GlobalSection(ExtensibilityGlobals) = postSolution
		SolutionGuid = {E50AAD89-EF3E-43BB-BA67-5EB240C9370E}
	EndGlobalSection
EndGlobal
